// !$*UTF8*$!
{
	archiveVersion = 1;
	classes = {
	};
	objectVersion = 46;
	objects = {

/* Begin PBXBuildFile section */
		2295928D1A65C878002420C6 /* AppDelegate.swift in Sources */ = {isa = PBXBuildFile; fileRef = 2295928C1A65C878002420C6 /* AppDelegate.swift */; };
		229592901A65C878002420C6 /* FavouritePlaces.xcdatamodeld in Sources */ = {isa = PBXBuildFile; fileRef = 2295928E1A65C878002420C6 /* FavouritePlaces.xcdatamodeld */; };
		229592921A65C878002420C6 /* ViewController.swift in Sources */ = {isa = PBXBuildFile; fileRef = 229592911A65C878002420C6 /* ViewController.swift */; };
		229592951A65C878002420C6 /* Main.storyboard in Resources */ = {isa = PBXBuildFile; fileRef = 229592931A65C878002420C6 /* Main.storyboard */; };
		229592971A65C878002420C6 /* Images.xcassets in Resources */ = {isa = PBXBuildFile; fileRef = 229592961A65C878002420C6 /* Images.xcassets */; };
		2295929A1A65C878002420C6 /* LaunchScreen.xib in Resources */ = {isa = PBXBuildFile; fileRef = 229592981A65C878002420C6 /* LaunchScreen.xib */; };
		229592A61A65C879002420C6 /* FavouritePlacesTests.swift in Sources */ = {isa = PBXBuildFile; fileRef = 229592A51A65C879002420C6 /* FavouritePlacesTests.swift */; };
		229592B41A65CE7F002420C6 /* MapViewController.swift in Sources */ = {isa = PBXBuildFile; fileRef = 229592B31A65CE7F002420C6 /* MapViewController.swift */; };
		229592B61A65D961002420C6 /* icon.png in Resources */ = {isa = PBXBuildFile; fileRef = 229592B51A65D961002420C6 /* icon.png */; };
		229624901A6F0FB400498EA0 /* Localizable.strings in Resources */ = {isa = PBXBuildFile; fileRef = 229624921A6F0FB400498EA0 /* Localizable.strings */; };
		229A34271A6C7BD2000CDB9D /* Default-568h@2x.png in Resources */ = {isa = PBXBuildFile; fileRef = 229A34261A6C7BD2000CDB9D /* Default-568h@2x.png */; };
		22AD2FDE1A68685E0068CFA7 /* TableViewController.swift in Sources */ = {isa = PBXBuildFile; fileRef = 22AD2FDD1A68685E0068CFA7 /* TableViewController.swift */; };
		22AD2FE01A686C470068CFA7 /* ItemViewController.swift in Sources */ = {isa = PBXBuildFile; fileRef = 22AD2FDF1A686C470068CFA7 /* ItemViewController.swift */; };
		22AD2FE21A686D4B0068CFA7 /* Model.swift in Sources */ = {isa = PBXBuildFile; fileRef = 22AD2FE11A686D4B0068CFA7 /* Model.swift */; };
/* End PBXBuildFile section */

/* Begin PBXContainerItemProxy section */
		229592A01A65C879002420C6 /* PBXContainerItemProxy */ = {
			isa = PBXContainerItemProxy;
			containerPortal = 2295927F1A65C877002420C6 /* Project object */;
			proxyType = 1;
			remoteGlobalIDString = 229592861A65C878002420C6;
			remoteInfo = FavouritePlaces;
		};
/* End PBXContainerItemProxy section */

/* Begin PBXFileReference section */
		229592871A65C878002420C6 /* FavouritePlaces.app */ = {isa = PBXFileReference; explicitFileType = wrapper.application; includeInIndex = 0; path = FavouritePlaces.app; sourceTree = BUILT_PRODUCTS_DIR; };
		2295928B1A65C878002420C6 /* Info.plist */ = {isa = PBXFileReference; lastKnownFileType = text.plist.xml; path = Info.plist; sourceTree = "<group>"; };
		2295928C1A65C878002420C6 /* AppDelegate.swift */ = {isa = PBXFileReference; lastKnownFileType = sourcecode.swift; path = AppDelegate.swift; sourceTree = "<group>"; };
		2295928F1A65C878002420C6 /* FavouritePlaces.xcdatamodel */ = {isa = PBXFileReference; lastKnownFileType = wrapper.xcdatamodel; path = FavouritePlaces.xcdatamodel; sourceTree = "<group>"; };
		229592911A65C878002420C6 /* ViewController.swift */ = {isa = PBXFileReference; lastKnownFileType = sourcecode.swift; path = ViewController.swift; sourceTree = "<group>"; };
		229592941A65C878002420C6 /* Base */ = {isa = PBXFileReference; lastKnownFileType = file.storyboard; name = Base; path = Base.lproj/Main.storyboard; sourceTree = "<group>"; };
		229592961A65C878002420C6 /* Images.xcassets */ = {isa = PBXFileReference; lastKnownFileType = folder.assetcatalog; path = Images.xcassets; sourceTree = "<group>"; };
		229592991A65C878002420C6 /* Base */ = {isa = PBXFileReference; lastKnownFileType = file.xib; name = Base; path = Base.lproj/LaunchScreen.xib; sourceTree = "<group>"; };
		2295929F1A65C879002420C6 /* FavouritePlacesTests.xctest */ = {isa = PBXFileReference; explicitFileType = wrapper.cfbundle; includeInIndex = 0; path = FavouritePlacesTests.xctest; sourceTree = BUILT_PRODUCTS_DIR; };
		229592A41A65C879002420C6 /* Info.plist */ = {isa = PBXFileReference; lastKnownFileType = text.plist.xml; path = Info.plist; sourceTree = "<group>"; };
		229592A51A65C879002420C6 /* FavouritePlacesTests.swift */ = {isa = PBXFileReference; lastKnownFileType = sourcecode.swift; path = FavouritePlacesTests.swift; sourceTree = "<group>"; };
		229592B31A65CE7F002420C6 /* MapViewController.swift */ = {isa = PBXFileReference; fileEncoding = 4; lastKnownFileType = sourcecode.swift; path = MapViewController.swift; sourceTree = "<group>"; };
		229592B51A65D961002420C6 /* icon.png */ = {isa = PBXFileReference; lastKnownFileType = image.png; path = icon.png; sourceTree = "<group>"; };
		2296248B1A6F086B00498EA0 /* en */ = {isa = PBXFileReference; lastKnownFileType = text.plist.strings; name = en; path = en.lproj/Main.strings; sourceTree = "<group>"; };
		2296248C1A6F08FF00498EA0 /* pl */ = {isa = PBXFileReference; lastKnownFileType = text.plist.strings; name = pl; path = pl.lproj/Main.strings; sourceTree = "<group>"; };
		2296248D1A6F08FF00498EA0 /* pl */ = {isa = PBXFileReference; lastKnownFileType = text.plist.strings; name = pl; path = pl.lproj/LaunchScreen.strings; sourceTree = "<group>"; };
		229624911A6F0FB400498EA0 /* en */ = {isa = PBXFileReference; lastKnownFileType = text.plist.strings; name = en; path = en.lproj/Localizable.strings; sourceTree = "<group>"; };
		229624931A6F0FB500498EA0 /* pl */ = {isa = PBXFileReference; lastKnownFileType = text.plist.strings; name = pl; path = pl.lproj/Localizable.strings; sourceTree = "<group>"; };
		229A34261A6C7BD2000CDB9D /* Default-568h@2x.png */ = {isa = PBXFileReference; lastKnownFileType = image.png; path = "Default-568h@2x.png"; sourceTree = "<group>"; };
		22AD2FDD1A68685E0068CFA7 /* TableViewController.swift */ = {isa = PBXFileReference; fileEncoding = 4; lastKnownFileType = sourcecode.swift; path = TableViewController.swift; sourceTree = "<group>"; };
		22AD2FDF1A686C470068CFA7 /* ItemViewController.swift */ = {isa = PBXFileReference; fileEncoding = 4; lastKnownFileType = sourcecode.swift; path = ItemViewController.swift; sourceTree = "<group>"; };
		22AD2FE11A686D4B0068CFA7 /* Model.swift */ = {isa = PBXFileReference; fileEncoding = 4; lastKnownFileType = sourcecode.swift; path = Model.swift; sourceTree = "<group>"; };
/* End PBXFileReference section */

/* Begin PBXFrameworksBuildPhase section */
		229592841A65C878002420C6 /* Frameworks */ = {
			isa = PBXFrameworksBuildPhase;
			buildActionMask = 2147483647;
			files = (
			);
			runOnlyForDeploymentPostprocessing = 0;
		};
		2295929C1A65C879002420C6 /* Frameworks */ = {
			isa = PBXFrameworksBuildPhase;
			buildActionMask = 2147483647;
			files = (
			);
			runOnlyForDeploymentPostprocessing = 0;
		};
/* End PBXFrameworksBuildPhase section */

/* Begin PBXGroup section */
		2295927E1A65C877002420C6 = {
			isa = PBXGroup;
			children = (
				229624921A6F0FB400498EA0 /* Localizable.strings */,
				229A34261A6C7BD2000CDB9D /* Default-568h@2x.png */,
				229592891A65C878002420C6 /* FavouritePlaces */,
				229592A21A65C879002420C6 /* FavouritePlacesTests */,
				229592881A65C878002420C6 /* Products */,
			);
			sourceTree = "<group>";
		};
		229592881A65C878002420C6 /* Products */ = {
			isa = PBXGroup;
			children = (
				229592871A65C878002420C6 /* FavouritePlaces.app */,
				2295929F1A65C879002420C6 /* FavouritePlacesTests.xctest */,
			);
			name = Products;
			sourceTree = "<group>";
		};
		229592891A65C878002420C6 /* FavouritePlaces */ = {
			isa = PBXGroup;
			children = (
				2295928C1A65C878002420C6 /* AppDelegate.swift */,
				229592911A65C878002420C6 /* ViewController.swift */,
				22AD2FDD1A68685E0068CFA7 /* TableViewController.swift */,
				22AD2FDF1A686C470068CFA7 /* ItemViewController.swift */,
				229592B31A65CE7F002420C6 /* MapViewController.swift */,
				229592931A65C878002420C6 /* Main.storyboard */,
				229592961A65C878002420C6 /* Images.xcassets */,
				229592981A65C878002420C6 /* LaunchScreen.xib */,
				2295928E1A65C878002420C6 /* FavouritePlaces.xcdatamodeld */,
				2295928A1A65C878002420C6 /* Supporting Files */,
				22AD2FE11A686D4B0068CFA7 /* Model.swift */,
			);
			path = FavouritePlaces;
			sourceTree = "<group>";
		};
		2295928A1A65C878002420C6 /* Supporting Files */ = {
			isa = PBXGroup;
			children = (
				229592B51A65D961002420C6 /* icon.png */,
				2295928B1A65C878002420C6 /* Info.plist */,
			);
			name = "Supporting Files";
			sourceTree = "<group>";
		};
		229592A21A65C879002420C6 /* FavouritePlacesTests */ = {
			isa = PBXGroup;
			children = (
				229592A51A65C879002420C6 /* FavouritePlacesTests.swift */,
				229592A31A65C879002420C6 /* Supporting Files */,
			);
			path = FavouritePlacesTests;
			sourceTree = "<group>";
		};
		229592A31A65C879002420C6 /* Supporting Files */ = {
			isa = PBXGroup;
			children = (
				229592A41A65C879002420C6 /* Info.plist */,
			);
			name = "Supporting Files";
			sourceTree = "<group>";
		};
/* End PBXGroup section */

/* Begin PBXNativeTarget section */
		229592861A65C878002420C6 /* FavouritePlaces */ = {
			isa = PBXNativeTarget;
			buildConfigurationList = 229592A91A65C879002420C6 /* Build configuration list for PBXNativeTarget "FavouritePlaces" */;
			buildPhases = (
				229592831A65C878002420C6 /* Sources */,
				229592841A65C878002420C6 /* Frameworks */,
				229592851A65C878002420C6 /* Resources */,
			);
			buildRules = (
			);
			dependencies = (
			);
			name = FavouritePlaces;
			productName = FavouritePlaces;
			productReference = 229592871A65C878002420C6 /* FavouritePlaces.app */;
			productType = "com.apple.product-type.application";
		};
		2295929E1A65C879002420C6 /* FavouritePlacesTests */ = {
			isa = PBXNativeTarget;
			buildConfigurationList = 229592AC1A65C879002420C6 /* Build configuration list for PBXNativeTarget "FavouritePlacesTests" */;
			buildPhases = (
				2295929B1A65C879002420C6 /* Sources */,
				2295929C1A65C879002420C6 /* Frameworks */,
				2295929D1A65C879002420C6 /* Resources */,
			);
			buildRules = (
			);
			dependencies = (
				229592A11A65C879002420C6 /* PBXTargetDependency */,
			);
			name = FavouritePlacesTests;
			productName = FavouritePlacesTests;
			productReference = 2295929F1A65C879002420C6 /* FavouritePlacesTests.xctest */;
			productType = "com.apple.product-type.bundle.unit-test";
		};
/* End PBXNativeTarget section */

/* Begin PBXProject section */
		2295927F1A65C877002420C6 /* Project object */ = {
			isa = PBXProject;
			attributes = {
				LastUpgradeCheck = 0610;
				ORGANIZATIONNAME = Adrian;
				TargetAttributes = {
					229592861A65C878002420C6 = {
						CreatedOnToolsVersion = 6.1;
					};
					2295929E1A65C879002420C6 = {
						CreatedOnToolsVersion = 6.1;
						TestTargetID = 229592861A65C878002420C6;
					};
				};
			};
			buildConfigurationList = 229592821A65C877002420C6 /* Build configuration list for PBXProject "FavouritePlaces" */;
			compatibilityVersion = "Xcode 3.2";
			developmentRegion = English;
			hasScannedForEncodings = 0;
			knownRegions = (
				en,
				Base,
				pl,
			);
			mainGroup = 2295927E1A65C877002420C6;
			productRefGroup = 229592881A65C878002420C6 /* Products */;
			projectDirPath = "";
			projectRoot = "";
			targets = (
				229592861A65C878002420C6 /* FavouritePlaces */,
				2295929E1A65C879002420C6 /* FavouritePlacesTests */,
			);
		};
/* End PBXProject section */

/* Begin PBXResourcesBuildPhase section */
		229592851A65C878002420C6 /* Resources */ = {
			isa = PBXResourcesBuildPhase;
			buildActionMask = 2147483647;
			files = (
				229592B61A65D961002420C6 /* icon.png in Resources */,
				229624901A6F0FB400498EA0 /* Localizable.strings in Resources */,
				229592951A65C878002420C6 /* Main.storyboard in Resources */,
				2295929A1A65C878002420C6 /* LaunchScreen.xib in Resources */,
				229A34271A6C7BD2000CDB9D /* Default-568h@2x.png in Resources */,
				229592971A65C878002420C6 /* Images.xcassets in Resources */,
			);
			runOnlyForDeploymentPostprocessing = 0;
		};
		2295929D1A65C879002420C6 /* Resources */ = {
			isa = PBXResourcesBuildPhase;
			buildActionMask = 2147483647;
			files = (
			);
			runOnlyForDeploymentPostprocessing = 0;
		};
/* End PBXResourcesBuildPhase section */

/* Begin PBXSourcesBuildPhase section */
		229592831A65C878002420C6 /* Sources */ = {
			isa = PBXSourcesBuildPhase;
			buildActionMask = 2147483647;
			files = (
				22AD2FE21A686D4B0068CFA7 /* Model.swift in Sources */,
				22AD2FE01A686C470068CFA7 /* ItemViewController.swift in Sources */,
				229592921A65C878002420C6 /* ViewController.swift in Sources */,
				22AD2FDE1A68685E0068CFA7 /* TableViewController.swift in Sources */,
				2295928D1A65C878002420C6 /* AppDelegate.swift in Sources */,
				229592901A65C878002420C6 /* FavouritePlaces.xcdatamodeld in Sources */,
				229592B41A65CE7F002420C6 /* MapViewController.swift in Sources */,
			);
			runOnlyForDeploymentPostprocessing = 0;
		};
		2295929B1A65C879002420C6 /* Sources */ = {
			isa = PBXSourcesBuildPhase;
			buildActionMask = 2147483647;
			files = (
				229592A61A65C879002420C6 /* FavouritePlacesTests.swift in Sources */,
			);
			runOnlyForDeploymentPostprocessing = 0;
		};
/* End PBXSourcesBuildPhase section */

/* Begin PBXTargetDependency section */
		229592A11A65C879002420C6 /* PBXTargetDependency */ = {
			isa = PBXTargetDependency;
			target = 229592861A65C878002420C6 /* FavouritePlaces */;
			targetProxy = 229592A01A65C879002420C6 /* PBXContainerItemProxy */;
		};
/* End PBXTargetDependency section */

/* Begin PBXVariantGroup section */
		229592931A65C878002420C6 /* Main.storyboard */ = {
			isa = PBXVariantGroup;
			children = (
				229592941A65C878002420C6 /* Base */,
				2296248B1A6F086B00498EA0 /* en */,
				2296248C1A6F08FF00498EA0 /* pl */,
			);
			name = Main.storyboard;
			sourceTree = "<group>";
		};
		229592981A65C878002420C6 /* LaunchScreen.xib */ = {
			isa = PBXVariantGroup;
			children = (
				229592991A65C878002420C6 /* Base */,
				2296248D1A6F08FF00498EA0 /* pl */,
			);
			name = LaunchScreen.xib;
			sourceTree = "<group>";
		};
		229624921A6F0FB400498EA0 /* Localizable.strings */ = {
			isa = PBXVariantGroup;
			children = (
				229624911A6F0FB400498EA0 /* en */,
				229624931A6F0FB500498EA0 /* pl */,
			);
			name = Localizable.strings;
			sourceTree = "<group>";
		};
/* End PBXVariantGroup section */

/* Begin XCBuildConfiguration section */
		229592A71A65C879002420C6 /* Debug */ = {
			isa = XCBuildConfiguration;
			buildSettings = {
				ALWAYS_SEARCH_USER_PATHS = NO;
				CLANG_CXX_LANGUAGE_STANDARD = "gnu++0x";
				CLANG_CXX_LIBRARY = "libc++";
				CLANG_ENABLE_MODULES = YES;
				CLANG_ENABLE_OBJC_ARC = YES;
				CLANG_WARN_BOOL_CONVERSION = YES;
				CLANG_WARN_CONSTANT_CONVERSION = YES;
				CLANG_WARN_DIRECT_OBJC_ISA_USAGE = YES_ERROR;
				CLANG_WARN_EMPTY_BODY = YES;
				CLANG_WARN_ENUM_CONVERSION = YES;
				CLANG_WARN_INT_CONVERSION = YES;
				CLANG_WARN_OBJC_ROOT_CLASS = YES_ERROR;
				CLANG_WARN_UNREACHABLE_CODE = YES;
				CLANG_WARN__DUPLICATE_METHOD_MATCH = YES;
				"CODE_SIGN_IDENTITY[sdk=iphoneos*]" = "iPhone Developer";
				COPY_PHASE_STRIP = NO;
				ENABLE_STRICT_OBJC_MSGSEND = YES;
				GCC_C_LANGUAGE_STANDARD = gnu99;
				GCC_DYNAMIC_NO_PIC = NO;
				GCC_OPTIMIZATION_LEVEL = 0;
				GCC_PREPROCESSOR_DEFINITIONS = (
					"DEBUG=1",
					"$(inherited)",
				);
				GCC_SYMBOLS_PRIVATE_EXTERN = NO;
				GCC_WARN_64_TO_32_BIT_CONVERSION = YES;
				GCC_WARN_ABOUT_RETURN_TYPE = YES_ERROR;
				GCC_WARN_UNDECLARED_SELECTOR = YES;
				GCC_WARN_UNINITIALIZED_AUTOS = YES_AGGRESSIVE;
				GCC_WARN_UNUSED_FUNCTION = YES;
				GCC_WARN_UNUSED_VARIABLE = YES;
				IPHONEOS_DEPLOYMENT_TARGET = 8.1;
				MTL_ENABLE_DEBUG_INFO = YES;
				ONLY_ACTIVE_ARCH = YES;
				SDKROOT = iphoneos;
				SWIFT_OPTIMIZATION_LEVEL = "-Onone";
			};
			name = Debug;
		};
		229592A81A65C879002420C6 /* Release */ = {
			isa = XCBuildConfiguration;
			buildSettings = {
				ALWAYS_SEARCH_USER_PATHS = NO;
				CLANG_CXX_LANGUAGE_STANDARD = "gnu++0x";
				CLANG_CXX_LIBRARY = "libc++";
				CLANG_ENABLE_MODULES = YES;
				CLANG_ENABLE_OBJC_ARC = YES;
				CLANG_WARN_BOOL_CONVERSION = YES;
				CLANG_WARN_CONSTANT_CONVERSION = YES;
				CLANG_WARN_DIRECT_OBJC_ISA_USAGE = YES_ERROR;
				CLANG_WARN_EMPTY_BODY = YES;
				CLANG_WARN_ENUM_CONVERSION = YES;
				CLANG_WARN_INT_CONVERSION = YES;
				CLANG_WARN_OBJC_ROOT_CLASS = YES_ERROR;
				CLANG_WARN_UNREACHABLE_CODE = YES;
				CLANG_WARN__DUPLICATE_METHOD_MATCH = YES;
				"CODE_SIGN_IDENTITY[sdk=iphoneos*]" = "iPhone Developer";
				COPY_PHASE_STRIP = YES;
				ENABLE_NS_ASSERTIONS = NO;
				ENABLE_STRICT_OBJC_MSGSEND = YES;
				GCC_C_LANGUAGE_STANDARD = gnu99;
				GCC_WARN_64_TO_32_BIT_CONVERSION = YES;
				GCC_WARN_ABOUT_RETURN_TYPE = YES_ERROR;
				GCC_WARN_UNDECLARED_SELECTOR = YES;
				GCC_WARN_UNINITIALIZED_AUTOS = YES_AGGRESSIVE;
				GCC_WARN_UNUSED_FUNCTION = YES;
				GCC_WARN_UNUSED_VARIABLE = YES;
				IPHONEOS_DEPLOYMENT_TARGET = 8.1;
				MTL_ENABLE_DEBUG_INFO = NO;
				SDKROOT = iphoneos;
				VALIDATE_PRODUCT = YES;
			};
			name = Release;
		};
		229592AA1A65C879002420C6 /* Debug */ = {
			isa = XCBuildConfiguration;
			buildSettings = {
				ASSETCATALOG_COMPILER_APPICON_NAME = AppIcon;
				INFOPLIST_FILE = FavouritePlaces/Info.plist;
				LD_RUNPATH_SEARCH_PATHS = "$(inherited) @executable_path/Frameworks";
				PRODUCT_NAME = "$(TARGET_NAME)";
			};
			name = Debug;
		};
		229592AB1A65C879002420C6 /* Release */ = {
			isa = XCBuildConfiguration;
			buildSettings = {
				ASSETCATALOG_COMPILER_APPICON_NAME = AppIcon;
				INFOPLIST_FILE = FavouritePlaces/Info.plist;
				LD_RUNPATH_SEARCH_PATHS = "$(inherited) @executable_path/Frameworks";
				PRODUCT_NAME = "$(TARGET_NAME)";
			};
			name = Release;
		};
		229592AD1A65C879002420C6 /* Debug */ = {
			isa = XCBuildConfiguration;
			buildSettings = {
				BUNDLE_LOADER = "$(TEST_HOST)";
				FRAMEWORK_SEARCH_PATHS = (
					"$(SDKROOT)/Developer/Library/Frameworks",
					"$(inherited)",
				);
				GCC_PREPROCESSOR_DEFINITIONS = (
					"DEBUG=1",
					"$(inherited)",
				);
				INFOPLIST_FILE = FavouritePlacesTests/Info.plist;
				LD_RUNPATH_SEARCH_PATHS = "$(inherited) @executable_path/Frameworks @loader_path/Frameworks";
				PRODUCT_NAME = "$(TARGET_NAME)";
				TEST_HOST = "$(BUILT_PRODUCTS_DIR)/FavouritePlaces.app/FavouritePlaces";
			};
			name = Debug;
		};
		229592AE1A65C879002420C6 /* Release */ = {
			isa = XCBuildConfiguration;
			buildSettings = {
				BUNDLE_LOADER = "$(TEST_HOST)";
				FRAMEWORK_SEARCH_PATHS = (
					"$(SDKROOT)/Developer/Library/Frameworks",
					"$(inherited)",
				);
				INFOPLIST_FILE = FavouritePlacesTests/Info.plist;
				LD_RUNPATH_SEARCH_PATHS = "$(inherited) @executable_path/Frameworks @loader_path/Frameworks";
				PRODUCT_NAME = "$(TARGET_NAME)";
				TEST_HOST = "$(BUILT_PRODUCTS_DIR)/FavouritePlaces.app/FavouritePlaces";
			};
			name = Release;
		};
/* End XCBuildConfiguration section */

/* Begin XCConfigurationList section */
		229592821A65C877002420C6 /* Build configuration list for PBXProject "FavouritePlaces" */ = {
			isa = XCConfigurationList;
			buildConfigurations = (
				229592A71A65C879002420C6 /* Debug */,
				229592A81A65C879002420C6 /* Release */,
			);
			defaultConfigurationIsVisible = 0;
			defaultConfigurationName = Release;
		};
		229592A91A65C879002420C6 /* Build configuration list for PBXNativeTarget "FavouritePlaces" */ = {
			isa = XCConfigurationList;
			buildConfigurations = (
				229592AA1A65C879002420C6 /* Debug */,
				229592AB1A65C879002420C6 /* Release */,
			);
			defaultConfigurationIsVisible = 0;
			defaultConfigurationName = Release;
		};
		229592AC1A65C879002420C6 /* Build configuration list for PBXNativeTarget "FavouritePlacesTests" */ = {
			isa = XCConfigurationList;
			buildConfigurations = (
				229592AD1A65C879002420C6 /* Debug */,
				229592AE1A65C879002420C6 /* Release */,
			);
			defaultConfigurationIsVisible = 0;
			defaultConfigurationName = Release;
		};
/* End XCConfigurationList section */

/* Begin XCVersionGroup section */
		2295928E1A65C878002420C6 /* FavouritePlaces.xcdatamodeld */ = {
			isa = XCVersionGroup;
			children = (
				2295928F1A65C878002420C6 /* FavouritePlaces.xcdatamodel */,
			);
			currentVersion = 2295928F1A65C878002420C6 /* FavouritePlaces.xcdatamodel */;
			path = FavouritePlaces.xcdatamodeld;
			sourceTree = "<group>";
			versionGroupType = wrapper.xcdatamodel;
		};
/* End XCVersionGroup section */
	};
	rootObject = 2295927F1A65C877002420C6 /* Project object */;
}
